
Microsoft Visual Studio Solution File, Format Version 12.00
# Visual Studio 14
VisualStudioVersion = 14.0.25420.1
MinimumVisualStudioVersion = 10.0.40219.1
Project("{FAE04EC0-301F-11D3-BF4B-00C04F79EFBC}") = "MultiThreadTestConsoleApp", "MultiThreadTestConsoleApp\MultiThreadTestConsoleApp.csproj", "{CC40BB0F-CA38-4BB0-BA74-6EBB639B3CCB}"
EndProject
Project("{FAE04EC0-301F-11D3-BF4B-00C04F79EFBC}") = "AsyncPatternTest1", "AsyncPatternTest1\AsyncPatternTest1.csproj", "{BD466834-61C0-47ED-AD62-51A20A2931DF}"
EndProject
Global
	GlobalSection(SolutionConfigurationPlatforms) = preSolution
		Debug|Any CPU = Debug|Any CPU
		Release|Any CPU = Release|Any CPU
	EndGlobalSection
	GlobalSection(ProjectConfigurationPlatforms) = postSolution
		{CC40BB0F-CA38-4BB0-BA74-6EBB639B3CCB}.Debug|Any CPU.ActiveCfg = Debug|Any CPU
		{CC40BB0F-CA38-4BB0-BA74-6EBB639B3CCB}.Debug|Any CPU.Build.0 = Debug|Any CPU
		{CC40BB0F-CA38-4BB0-BA74-6EBB639B3CCB}.Release|Any CPU.ActiveCfg = Release|Any CPU
		{CC40BB0F-CA38-4BB0-BA74-6EBB639B3CCB}.Release|Any CPU.Build.0 = Release|Any CPU
		{BD466834-61C0-47ED-AD62-51A20A2931DF}.Debug|Any CPU.ActiveCfg = Debug|Any CPU
		{BD466834-61C0-47ED-AD62-51A20A2931DF}.Debug|Any CPU.Build.0 = Debug|Any CPU
		{BD466834-61C0-47ED-AD62-51A20A2931DF}.Release|Any CPU.ActiveCfg = Release|Any CPU
		{BD466834-61C0-47ED-AD62-51A20A2931DF}.Release|Any CPU.Build.0 = Release|Any CPU
	EndGlobalSection
	GlobalSection(SolutionProperties) = preSolution
		HideSolutionNode = FALSE
	EndGlobalSection
EndGlobal
